
Microsoft Visual Studio Solution File, Format Version 12.00
# Visual Studio Version 16
VisualStudioVersion = 16.0.30523.141
MinimumVisualStudioVersion = 10.0.40219.1
Project("{9A19103F-16F7-4668-BE54-9A1E7A4F7556}") = "Tinkoff.Trading.OpenApi", "Tinkoff.Trading.OpenApi\Tinkoff.Trading.OpenApi.csproj", "{E120898B-5478-427A-99E9-4CD565986C21}"
EndProject
Project("{9A19103F-16F7-4668-BE54-9A1E7A4F7556}") = "TradingBot", "TradingBot\TradingBot.csproj", "{7CA22325-5DBB-4D91-922D-5888D8989C3D}"
	ProjectSection(ProjectDependencies) = postProject
		{E120898B-5478-427A-99E9-4CD565986C21} = {E120898B-5478-427A-99E9-4CD565986C21}
	EndProjectSection
EndProject
Global
	GlobalSection(SolutionConfigurationPlatforms) = preSolution
		Debug|Any CPU = Debug|Any CPU
		Release|Any CPU = Release|Any CPU
	EndGlobalSection
	GlobalSection(ProjectConfigurationPlatforms) = postSolution
		{E120898B-5478-427A-99E9-4CD565986C21}.Debug|Any CPU.ActiveCfg = Debug|Any CPU
		{E120898B-5478-427A-99E9-4CD565986C21}.Debug|Any CPU.Build.0 = Debug|Any CPU
		{E120898B-5478-427A-99E9-4CD565986C21}.Release|Any CPU.ActiveCfg = Release|Any CPU
		{E120898B-5478-427A-99E9-4CD565986C21}.Release|Any CPU.Build.0 = Release|Any CPU
		{7CA22325-5DBB-4D91-922D-5888D8989C3D}.Debug|Any CPU.ActiveCfg = Debug|Any CPU
		{7CA22325-5DBB-4D91-922D-5888D8989C3D}.Debug|Any CPU.Build.0 = Debug|Any CPU
		{7CA22325-5DBB-4D91-922D-5888D8989C3D}.Release|Any CPU.ActiveCfg = Release|Any CPU
		{7CA22325-5DBB-4D91-922D-5888D8989C3D}.Release|Any CPU.Build.0 = Release|Any CPU
	EndGlobalSection
	GlobalSection(SolutionProperties) = preSolution
		HideSolutionNode = FALSE
	EndGlobalSection
	GlobalSection(ExtensibilityGlobals) = postSolution
		SolutionGuid = {2607BA37-8320-426D-B75B-5482448622C6}
	EndGlobalSection
EndGlobal
